
Microsoft Visual Studio Solution File, Format Version 12.00
# Visual Studio 15
Project("{FAE04EC0-301F-11D3-BF4B-00C04F79EFBC}") = "EpamTask2", "EpamTask2\EpamTask2.csproj", "{C860DBD7-8D46-4237-B676-0ED9526ECC9D}"
EndProject
Global
	GlobalSection(SolutionConfigurationPlatforms) = preSolution
		Debug|Any CPU = Debug|Any CPU
		Release|Any CPU = Release|Any CPU
	EndGlobalSection
	GlobalSection(ProjectConfigurationPlatforms) = postSolution
		{C860DBD7-8D46-4237-B676-0ED9526ECC9D}.Debug|Any CPU.ActiveCfg = Debug|Any CPU
		{C860DBD7-8D46-4237-B676-0ED9526ECC9D}.Debug|Any CPU.Build.0 = Debug|Any CPU
		{C860DBD7-8D46-4237-B676-0ED9526ECC9D}.Release|Any CPU.ActiveCfg = Release|Any CPU
		{C860DBD7-8D46-4237-B676-0ED9526ECC9D}.Release|Any CPU.Build.0 = Release|Any CPU
	EndGlobalSection
EndGlobal
